// !$*UTF8*$!
{
	archiveVersion = 1;
	classes = {
	};
	objectVersion = 56;
	objects = {

/* Begin PBXBuildFile section */
		E91B0B972C1B1424009FB9B3 /* PasswordListView.swift in Sources */ = {isa = PBXBuildFile; fileRef = E91B0B962C1B1424009FB9B3 /* PasswordListView.swift */; };
		E92906002C4DB7BB003FC88F /* AppColors.swift in Sources */ = {isa = PBXBuildFile; fileRef = E92905FF2C4DB7BB003FC88F /* AppColors.swift */; };
		E951E7432BCD7A2600E55A35 /* nfseeApp.swift in Sources */ = {isa = PBXBuildFile; fileRef = E951E7422BCD7A2600E55A35 /* nfseeApp.swift */; };
		E951E7452BCD7A2600E55A35 /* ContentView.swift in Sources */ = {isa = PBXBuildFile; fileRef = E951E7442BCD7A2600E55A35 /* ContentView.swift */; };
		E951E7472BCD7A2800E55A35 /* Assets.xcassets in Resources */ = {isa = PBXBuildFile; fileRef = E951E7462BCD7A2800E55A35 /* Assets.xcassets */; };
		E951E74A2BCD7A2800E55A35 /* Preview Assets.xcassets in Resources */ = {isa = PBXBuildFile; fileRef = E951E7492BCD7A2800E55A35 /* Preview Assets.xcassets */; };
		E951E74C2BCD7A2800E55A35 /* Persistence.swift in Sources */ = {isa = PBXBuildFile; fileRef = E951E74B2BCD7A2800E55A35 /* Persistence.swift */; };
		E951E74F2BCD7A2800E55A35 /* nfsee.xcdatamodeld in Sources */ = {isa = PBXBuildFile; fileRef = E951E74D2BCD7A2800E55A35 /* nfsee.xcdatamodeld */; };
		E951E7592BCD7A2800E55A35 /* nfseeTests.swift in Sources */ = {isa = PBXBuildFile; fileRef = E951E7582BCD7A2800E55A35 /* nfseeTests.swift */; };
		E951E7632BCD7A2800E55A35 /* nfseeUITests.swift in Sources */ = {isa = PBXBuildFile; fileRef = E951E7622BCD7A2800E55A35 /* nfseeUITests.swift */; };
		E951E7652BCD7A2800E55A35 /* nfseeUITestsLaunchTests.swift in Sources */ = {isa = PBXBuildFile; fileRef = E951E7642BCD7A2800E55A35 /* nfseeUITestsLaunchTests.swift */; };
		E951E7762BCD8AD500E55A35 /* PasswordItem.swift in Sources */ = {isa = PBXBuildFile; fileRef = E951E7752BCD8AD500E55A35 /* PasswordItem.swift */; };
		E951E7782BCD8B3500E55A35 /* AddPasswordView.swift in Sources */ = {isa = PBXBuildFile; fileRef = E951E7772BCD8B3500E55A35 /* AddPasswordView.swift */; };
		E951E77A2BCD8B6300E55A35 /* PasswordListViewModel.swift in Sources */ = {isa = PBXBuildFile; fileRef = E951E7792BCD8B6300E55A35 /* PasswordListViewModel.swift */; };
		E951E77C2BCD8B7600E55A35 /* AddPasswordViewModel.swift in Sources */ = {isa = PBXBuildFile; fileRef = E951E77B2BCD8B7500E55A35 /* AddPasswordViewModel.swift */; };
		E951E77E2BCD8B8F00E55A35 /* NFCServices.swift in Sources */ = {isa = PBXBuildFile; fileRef = E951E77D2BCD8B8F00E55A35 /* NFCServices.swift */; };
		E951E7802BCD8BA000E55A35 /* EncryptionService.swift in Sources */ = {isa = PBXBuildFile; fileRef = E951E77F2BCD8BA000E55A35 /* EncryptionService.swift */; };
		E951E7822BCD8BB400E55A35 /* CoreDataService.swift in Sources */ = {isa = PBXBuildFile; fileRef = E951E7812BCD8BB400E55A35 /* CoreDataService.swift */; };
		E9998D292C38A5DB002E8D20 /* PasswordListDelegate.swift in Sources */ = {isa = PBXBuildFile; fileRef = E9998D282C38A5DB002E8D20 /* PasswordListDelegate.swift */; };
		E99FBE152C43F51300126E71 /* LoginView.swift in Sources */ = {isa = PBXBuildFile; fileRef = E99FBE142C43F51300126E71 /* LoginView.swift */; };
		E99FBE172C43F58F00126E71 /* LoadingView.swift in Sources */ = {isa = PBXBuildFile; fileRef = E99FBE162C43F58F00126E71 /* LoadingView.swift */; };
		E99FBE192C43FD7A00126E71 /* RegisterView.swift in Sources */ = {isa = PBXBuildFile; fileRef = E99FBE182C43FD7A00126E71 /* RegisterView.swift */; };
		E99FBE1B2C44028F00126E71 /* Config.swift in Sources */ = {isa = PBXBuildFile; fileRef = E99FBE1A2C44028F00126E71 /* Config.swift */; };
		E99FBE1D2C4402C500126E71 /* SettingsView.swift in Sources */ = {isa = PBXBuildFile; fileRef = E99FBE1C2C4402C500126E71 /* SettingsView.swift */; };
		E99FBE292C44135C00126E71 /* main.py in Resources */ = {isa = PBXBuildFile; fileRef = E99FBE282C44135C00126E71 /* main.py */; };
		E99FBE2C2C4415F200126E71 /* NFCViewModel.swift in Sources */ = {isa = PBXBuildFile; fileRef = E91B0B942C1B0F3B009FB9B3 /* NFCViewModel.swift */; };
		E9A221E72C134B3E000F5004 /* APIResponse.swift in Sources */ = {isa = PBXBuildFile; fileRef = E9A221E62C134B3E000F5004 /* APIResponse.swift */; };
		E9A221E92C134B59000F5004 /* NetworkService.swift in Sources */ = {isa = PBXBuildFile; fileRef = E9A221E82C134B59000F5004 /* NetworkService.swift */; };
/* End PBXBuildFile section */

/* Begin PBXContainerItemProxy section */
		E951E7552BCD7A2800E55A35 /* PBXContainerItemProxy */ = {
			isa = PBXContainerItemProxy;
			containerPortal = E951E7372BCD7A2600E55A35 /* Project object */;
			proxyType = 1;
			remoteGlobalIDString = E951E73E2BCD7A2600E55A35;
			remoteInfo = nfsee;
		};
		E951E75F2BCD7A2800E55A35 /* PBXContainerItemProxy */ = {
			isa = PBXContainerItemProxy;
			containerPortal = E951E7372BCD7A2600E55A35 /* Project object */;
			proxyType = 1;
			remoteGlobalIDString = E951E73E2BCD7A2600E55A35;
			remoteInfo = nfsee;
		};
/* End PBXContainerItemProxy section */

/* Begin PBXFileReference section */
		E90D7B142C15B00300B99884 /* nfseeDebug.entitlements */ = {isa = PBXFileReference; lastKnownFileType = text.plist.entitlements; path = nfseeDebug.entitlements; sourceTree = "<group>"; };
		E91B0B942C1B0F3B009FB9B3 /* NFCViewModel.swift */ = {isa = PBXFileReference; lastKnownFileType = sourcecode.swift; path = NFCViewModel.swift; sourceTree = "<group>"; };
		E91B0B962C1B1424009FB9B3 /* PasswordListView.swift */ = {isa = PBXFileReference; lastKnownFileType = sourcecode.swift; path = PasswordListView.swift; sourceTree = "<group>"; };
		E92905FF2C4DB7BB003FC88F /* AppColors.swift */ = {isa = PBXFileReference; lastKnownFileType = sourcecode.swift; path = AppColors.swift; sourceTree = "<group>"; };
		E951E73F2BCD7A2600E55A35 /* nfsee.app */ = {isa = PBXFileReference; explicitFileType = wrapper.application; includeInIndex = 0; path = nfsee.app; sourceTree = BUILT_PRODUCTS_DIR; };
		E951E7422BCD7A2600E55A35 /* nfseeApp.swift */ = {isa = PBXFileReference; lastKnownFileType = sourcecode.swift; path = nfseeApp.swift; sourceTree = "<group>"; };
		E951E7442BCD7A2600E55A35 /* ContentView.swift */ = {isa = PBXFileReference; lastKnownFileType = sourcecode.swift; path = ContentView.swift; sourceTree = "<group>"; };
		E951E7462BCD7A2800E55A35 /* Assets.xcassets */ = {isa = PBXFileReference; lastKnownFileType = folder.assetcatalog; path = Assets.xcassets; sourceTree = "<group>"; };
		E951E7492BCD7A2800E55A35 /* Preview Assets.xcassets */ = {isa = PBXFileReference; lastKnownFileType = folder.assetcatalog; path = "Preview Assets.xcassets"; sourceTree = "<group>"; };
		E951E74B2BCD7A2800E55A35 /* Persistence.swift */ = {isa = PBXFileReference; lastKnownFileType = sourcecode.swift; path = Persistence.swift; sourceTree = "<group>"; };
		E951E74E2BCD7A2800E55A35 /* nfsee.xcdatamodel */ = {isa = PBXFileReference; lastKnownFileType = wrapper.xcdatamodel; path = nfsee.xcdatamodel; sourceTree = "<group>"; };
		E951E7542BCD7A2800E55A35 /* nfseeTests.xctest */ = {isa = PBXFileReference; explicitFileType = wrapper.cfbundle; includeInIndex = 0; path = nfseeTests.xctest; sourceTree = BUILT_PRODUCTS_DIR; };
		E951E7582BCD7A2800E55A35 /* nfseeTests.swift */ = {isa = PBXFileReference; lastKnownFileType = sourcecode.swift; path = nfseeTests.swift; sourceTree = "<group>"; };
		E951E75E2BCD7A2800E55A35 /* nfseeUITests.xctest */ = {isa = PBXFileReference; explicitFileType = wrapper.cfbundle; includeInIndex = 0; path = nfseeUITests.xctest; sourceTree = BUILT_PRODUCTS_DIR; };
		E951E7622BCD7A2800E55A35 /* nfseeUITests.swift */ = {isa = PBXFileReference; lastKnownFileType = sourcecode.swift; path = nfseeUITests.swift; sourceTree = "<group>"; };
		E951E7642BCD7A2800E55A35 /* nfseeUITestsLaunchTests.swift */ = {isa = PBXFileReference; lastKnownFileType = sourcecode.swift; path = nfseeUITestsLaunchTests.swift; sourceTree = "<group>"; };
		E951E7752BCD8AD500E55A35 /* PasswordItem.swift */ = {isa = PBXFileReference; lastKnownFileType = sourcecode.swift; path = PasswordItem.swift; sourceTree = "<group>"; };
		E951E7772BCD8B3500E55A35 /* AddPasswordView.swift */ = {isa = PBXFileReference; lastKnownFileType = sourcecode.swift; path = AddPasswordView.swift; sourceTree = "<group>"; };
		E951E7792BCD8B6300E55A35 /* PasswordListViewModel.swift */ = {isa = PBXFileReference; lastKnownFileType = sourcecode.swift; path = PasswordListViewModel.swift; sourceTree = "<group>"; };
		E951E77B2BCD8B7500E55A35 /* AddPasswordViewModel.swift */ = {isa = PBXFileReference; lastKnownFileType = sourcecode.swift; path = AddPasswordViewModel.swift; sourceTree = "<group>"; };
		E951E77D2BCD8B8F00E55A35 /* NFCServices.swift */ = {isa = PBXFileReference; lastKnownFileType = sourcecode.swift; path = NFCServices.swift; sourceTree = "<group>"; };
		E951E77F2BCD8BA000E55A35 /* EncryptionService.swift */ = {isa = PBXFileReference; lastKnownFileType = sourcecode.swift; path = EncryptionService.swift; sourceTree = "<group>"; };
		E951E7812BCD8BB400E55A35 /* CoreDataService.swift */ = {isa = PBXFileReference; lastKnownFileType = sourcecode.swift; path = CoreDataService.swift; sourceTree = "<group>"; };
		E9998D282C38A5DB002E8D20 /* PasswordListDelegate.swift */ = {isa = PBXFileReference; lastKnownFileType = sourcecode.swift; path = PasswordListDelegate.swift; sourceTree = "<group>"; };
		E99FBE142C43F51300126E71 /* LoginView.swift */ = {isa = PBXFileReference; lastKnownFileType = sourcecode.swift; path = LoginView.swift; sourceTree = "<group>"; };
		E99FBE162C43F58F00126E71 /* LoadingView.swift */ = {isa = PBXFileReference; lastKnownFileType = sourcecode.swift; path = LoadingView.swift; sourceTree = "<group>"; };
		E99FBE182C43FD7A00126E71 /* RegisterView.swift */ = {isa = PBXFileReference; lastKnownFileType = sourcecode.swift; path = RegisterView.swift; sourceTree = "<group>"; };
		E99FBE1A2C44028F00126E71 /* Config.swift */ = {isa = PBXFileReference; lastKnownFileType = sourcecode.swift; path = Config.swift; sourceTree = "<group>"; };
		E99FBE1C2C4402C500126E71 /* SettingsView.swift */ = {isa = PBXFileReference; lastKnownFileType = sourcecode.swift; path = SettingsView.swift; sourceTree = "<group>"; };
		E99FBE1E2C440DB900126E71 /* __init__.py */ = {isa = PBXFileReference; lastKnownFileType = text.script.python; path = __init__.py; sourceTree = "<group>"; };
		E99FBE202C440DBE00126E71 /* __init__.py */ = {isa = PBXFileReference; lastKnownFileType = text.script.python; path = __init__.py; sourceTree = "<group>"; };
		E99FBE222C440DC000126E71 /* __init__.py */ = {isa = PBXFileReference; lastKnownFileType = text.script.python; path = __init__.py; sourceTree = "<group>"; };
		E99FBE242C440DC700126E71 /* __init__.py */ = {isa = PBXFileReference; lastKnownFileType = text.script.python; path = __init__.py; sourceTree = "<group>"; };
		E99FBE262C440DD000126E71 /* __init__.py */ = {isa = PBXFileReference; lastKnownFileType = text.script.python; path = __init__.py; sourceTree = "<group>"; };
		E99FBE282C44135C00126E71 /* main.py */ = {isa = PBXFileReference; lastKnownFileType = text.script.python; path = main.py; sourceTree = "<group>"; };
		E99FBE2A2C44154700126E71 /* __init__.py */ = {isa = PBXFileReference; lastKnownFileType = text.script.python; path = __init__.py; sourceTree = "<group>"; };
		E9A221E62C134B3E000F5004 /* APIResponse.swift */ = {isa = PBXFileReference; lastKnownFileType = sourcecode.swift; path = APIResponse.swift; sourceTree = "<group>"; };
		E9A221E82C134B59000F5004 /* NetworkService.swift */ = {isa = PBXFileReference; lastKnownFileType = sourcecode.swift; path = NetworkService.swift; sourceTree = "<group>"; };
		E9A221EB2C134DF8000F5004 /* server.py */ = {isa = PBXFileReference; lastKnownFileType = text.script.python; path = server.py; sourceTree = "<group>"; };
		E9A221F12C134E7B000F5004 /* authRoutes.py */ = {isa = PBXFileReference; lastKnownFileType = text.script.python; path = authRoutes.py; sourceTree = "<group>"; };
		E9A221F52C134EDA000F5004 /* dataRoutes.py */ = {isa = PBXFileReference; lastKnownFileType = text.script.python; path = dataRoutes.py; sourceTree = "<group>"; };
		E9A221F72C134F41000F5004 /* authController.py */ = {isa = PBXFileReference; lastKnownFileType = text.script.python; path = authController.py; sourceTree = "<group>"; };
		E9A221F92C134F63000F5004 /* dataController.py */ = {isa = PBXFileReference; lastKnownFileType = text.script.python; path = dataController.py; sourceTree = "<group>"; };
		E9A221FB2C134F76000F5004 /* secretModel.py */ = {isa = PBXFileReference; lastKnownFileType = text.script.python; path = secretModel.py; sourceTree = "<group>"; };
		E9A221FD2C134F8A000F5004 /* vaultConfig.py */ = {isa = PBXFileReference; lastKnownFileType = text.script.python; path = vaultConfig.py; sourceTree = "<group>"; };
		E9D2C00F2C14EC58009DFC25 /* Info.plist */ = {isa = PBXFileReference; lastKnownFileType = text.plist; path = Info.plist; sourceTree = "<group>"; };
/* End PBXFileReference section */

/* Begin PBXFrameworksBuildPhase section */
		E951E73C2BCD7A2600E55A35 /* Frameworks */ = {
			isa = PBXFrameworksBuildPhase;
			buildActionMask = 2147483647;
			files = (
			);
			runOnlyForDeploymentPostprocessing = 0;
		};
		E951E7512BCD7A2800E55A35 /* Frameworks */ = {
			isa = PBXFrameworksBuildPhase;
			buildActionMask = 2147483647;
			files = (
			);
			runOnlyForDeploymentPostprocessing = 0;
		};
		E951E75B2BCD7A2800E55A35 /* Frameworks */ = {
			isa = PBXFrameworksBuildPhase;
			buildActionMask = 2147483647;
			files = (
			);
			runOnlyForDeploymentPostprocessing = 0;
		};
/* End PBXFrameworksBuildPhase section */

/* Begin PBXGroup section */
		E951E7362BCD7A2600E55A35 = {
			isa = PBXGroup;
			children = (
				E99FBE282C44135C00126E71 /* main.py */,
				E99FBE2A2C44154700126E71 /* __init__.py */,
				E951E7712BCD8A8E00E55A35 /* models */,
				E951E7732BCD8A8E00E55A35 /* services */,
				E951E7722BCD8A8E00E55A35 /* view_models */,
				E951E7742BCD8A8E00E55A35 /* views */,
				E951E7412BCD7A2600E55A35 /* nfsee */,
				E951E7572BCD7A2800E55A35 /* nfseeTests */,
				E951E7612BCD7A2800E55A35 /* nfseeUITests */,
				E9A221EA2C134C3B000F5004 /* backend */,
				E951E7402BCD7A2600E55A35 /* Products */,
			);
			sourceTree = "<group>";
		};
		E951E7402BCD7A2600E55A35 /* Products */ = {
			isa = PBXGroup;
			children = (
				E951E73F2BCD7A2600E55A35 /* nfsee.app */,
				E951E7542BCD7A2800E55A35 /* nfseeTests.xctest */,
				E951E75E2BCD7A2800E55A35 /* nfseeUITests.xctest */,
			);
			name = Products;
			sourceTree = "<group>";
		};
		E951E7412BCD7A2600E55A35 /* nfsee */ = {
			isa = PBXGroup;
			children = (
				E90D7B142C15B00300B99884 /* nfseeDebug.entitlements */,
				E9D2C00F2C14EC58009DFC25 /* Info.plist */,
				E951E7462BCD7A2800E55A35 /* Assets.xcassets */,
				E951E74D2BCD7A2800E55A35 /* nfsee.xcdatamodeld */,
				E951E7482BCD7A2800E55A35 /* Preview Content */,
			);
			path = nfsee;
			sourceTree = "<group>";
		};
		E951E7482BCD7A2800E55A35 /* Preview Content */ = {
			isa = PBXGroup;
			children = (
				E951E7492BCD7A2800E55A35 /* Preview Assets.xcassets */,
			);
			path = "Preview Content";
			sourceTree = "<group>";
		};
		E951E7572BCD7A2800E55A35 /* nfseeTests */ = {
			isa = PBXGroup;
			children = (
				E951E7582BCD7A2800E55A35 /* nfseeTests.swift */,
			);
			path = nfseeTests;
			sourceTree = "<group>";
		};
		E951E7612BCD7A2800E55A35 /* nfseeUITests */ = {
			isa = PBXGroup;
			children = (
				E951E7622BCD7A2800E55A35 /* nfseeUITests.swift */,
				E951E7642BCD7A2800E55A35 /* nfseeUITestsLaunchTests.swift */,
			);
			path = nfseeUITests;
			sourceTree = "<group>";
		};
		E951E7712BCD8A8E00E55A35 /* models */ = {
			isa = PBXGroup;
			children = (
				E951E7752BCD8AD500E55A35 /* PasswordItem.swift */,
				E9A221E62C134B3E000F5004 /* APIResponse.swift */,
				E99FBE1A2C44028F00126E71 /* Config.swift */,
			);
			path = models;
			sourceTree = "<group>";
		};
		E951E7722BCD8A8E00E55A35 /* view_models */ = {
			isa = PBXGroup;
			children = (
				E951E7792BCD8B6300E55A35 /* PasswordListViewModel.swift */,
				E951E77B2BCD8B7500E55A35 /* AddPasswordViewModel.swift */,
				E91B0B942C1B0F3B009FB9B3 /* NFCViewModel.swift */,
			);
			path = view_models;
			sourceTree = "<group>";
		};
		E951E7732BCD8A8E00E55A35 /* services */ = {
			isa = PBXGroup;
			children = (
				E951E74B2BCD7A2800E55A35 /* Persistence.swift */,
				E951E7422BCD7A2600E55A35 /* nfseeApp.swift */,
				E951E77D2BCD8B8F00E55A35 /* NFCServices.swift */,
				E951E77F2BCD8BA000E55A35 /* EncryptionService.swift */,
				E951E7812BCD8BB400E55A35 /* CoreDataService.swift */,
				E9A221E82C134B59000F5004 /* NetworkService.swift */,
				E9998D282C38A5DB002E8D20 /* PasswordListDelegate.swift */,
			);
			path = services;
			sourceTree = "<group>";
		};
		E951E7742BCD8A8E00E55A35 /* views */ = {
			isa = PBXGroup;
			children = (
				E951E7442BCD7A2600E55A35 /* ContentView.swift */,
				E951E7772BCD8B3500E55A35 /* AddPasswordView.swift */,
				E91B0B962C1B1424009FB9B3 /* PasswordListView.swift */,
				E99FBE142C43F51300126E71 /* LoginView.swift */,
				E99FBE162C43F58F00126E71 /* LoadingView.swift */,
				E99FBE182C43FD7A00126E71 /* RegisterView.swift */,
				E99FBE1C2C4402C500126E71 /* SettingsView.swift */,
				E92905FF2C4DB7BB003FC88F /* AppColors.swift */,
			);
			path = views;
			sourceTree = "<group>";
		};
		E9A221EA2C134C3B000F5004 /* backend */ = {
			isa = PBXGroup;
			children = (
				E9A221EF2C134E60000F5004 /* config */,
				E9A221EE2C134E60000F5004 /* controllers */,
				E9A221F02C134E60000F5004 /* models */,
				E9A221ED2C134E60000F5004 /* routes */,
				E99FBE262C440DD000126E71 /* __init__.py */,
				E9A221EB2C134DF8000F5004 /* server.py */,
			);
			path = backend;
			sourceTree = "<group>";
		};
		E9A221ED2C134E60000F5004 /* routes */ = {
			isa = PBXGroup;
			children = (
				E99FBE242C440DC700126E71 /* __init__.py */,
				E9A221F12C134E7B000F5004 /* authRoutes.py */,
				E9A221F52C134EDA000F5004 /* dataRoutes.py */,
			);
			path = routes;
			sourceTree = "<group>";
		};
		E9A221EE2C134E60000F5004 /* controllers */ = {
			isa = PBXGroup;
			children = (
				E99FBE202C440DBE00126E71 /* __init__.py */,
				E9A221F72C134F41000F5004 /* authController.py */,
				E9A221F92C134F63000F5004 /* dataController.py */,
			);
			path = controllers;
			sourceTree = "<group>";
		};
		E9A221EF2C134E60000F5004 /* config */ = {
			isa = PBXGroup;
			children = (
				E9A221FD2C134F8A000F5004 /* vaultConfig.py */,
				E99FBE1E2C440DB900126E71 /* __init__.py */,
			);
			path = config;
			sourceTree = "<group>";
		};
		E9A221F02C134E60000F5004 /* models */ = {
			isa = PBXGroup;
			children = (
				E99FBE222C440DC000126E71 /* __init__.py */,
				E9A221FB2C134F76000F5004 /* secretModel.py */,
			);
			path = models;
			sourceTree = "<group>";
		};
/* End PBXGroup section */

/* Begin PBXNativeTarget section */
		E951E73E2BCD7A2600E55A35 /* nfsee */ = {
			isa = PBXNativeTarget;
			buildConfigurationList = E951E7682BCD7A2800E55A35 /* Build configuration list for PBXNativeTarget "nfsee" */;
			buildPhases = (
				E951E73B2BCD7A2600E55A35 /* Sources */,
				E951E73C2BCD7A2600E55A35 /* Frameworks */,
				E951E73D2BCD7A2600E55A35 /* Resources */,
			);
			buildRules = (
			);
			dependencies = (
			);
			name = nfsee;
			productName = nfsee;
			productReference = E951E73F2BCD7A2600E55A35 /* nfsee.app */;
			productType = "com.apple.product-type.application";
		};
		E951E7532BCD7A2800E55A35 /* nfseeTests */ = {
			isa = PBXNativeTarget;
			buildConfigurationList = E951E76B2BCD7A2800E55A35 /* Build configuration list for PBXNativeTarget "nfseeTests" */;
			buildPhases = (
				E951E7502BCD7A2800E55A35 /* Sources */,
				E951E7512BCD7A2800E55A35 /* Frameworks */,
				E951E7522BCD7A2800E55A35 /* Resources */,
			);
			buildRules = (
			);
			dependencies = (
				E951E7562BCD7A2800E55A35 /* PBXTargetDependency */,
			);
			name = nfseeTests;
			productName = nfseeTests;
			productReference = E951E7542BCD7A2800E55A35 /* nfseeTests.xctest */;
			productType = "com.apple.product-type.bundle.unit-test";
		};
		E951E75D2BCD7A2800E55A35 /* nfseeUITests */ = {
			isa = PBXNativeTarget;
			buildConfigurationList = E951E76E2BCD7A2800E55A35 /* Build configuration list for PBXNativeTarget "nfseeUITests" */;
			buildPhases = (
				E951E75A2BCD7A2800E55A35 /* Sources */,
				E951E75B2BCD7A2800E55A35 /* Frameworks */,
				E951E75C2BCD7A2800E55A35 /* Resources */,
			);
			buildRules = (
			);
			dependencies = (
				E951E7602BCD7A2800E55A35 /* PBXTargetDependency */,
			);
			name = nfseeUITests;
			productName = nfseeUITests;
			productReference = E951E75E2BCD7A2800E55A35 /* nfseeUITests.xctest */;
			productType = "com.apple.product-type.bundle.ui-testing";
		};
/* End PBXNativeTarget section */

/* Begin PBXProject section */
		E951E7372BCD7A2600E55A35 /* Project object */ = {
			isa = PBXProject;
			attributes = {
				BuildIndependentTargetsInParallel = 1;
				LastSwiftUpdateCheck = 1530;
				LastUpgradeCheck = 1530;
				TargetAttributes = {
					E951E73E2BCD7A2600E55A35 = {
						CreatedOnToolsVersion = 15.3;
					};
					E951E7532BCD7A2800E55A35 = {
						CreatedOnToolsVersion = 15.3;
						TestTargetID = E951E73E2BCD7A2600E55A35;
					};
					E951E75D2BCD7A2800E55A35 = {
						CreatedOnToolsVersion = 15.3;
						TestTargetID = E951E73E2BCD7A2600E55A35;
					};
				};
			};
			buildConfigurationList = E951E73A2BCD7A2600E55A35 /* Build configuration list for PBXProject "nfsee" */;
			compatibilityVersion = "Xcode 14.0";
			developmentRegion = en;
			hasScannedForEncodings = 0;
			knownRegions = (
				en,
				Base,
			);
			mainGroup = E951E7362BCD7A2600E55A35;
			productRefGroup = E951E7402BCD7A2600E55A35 /* Products */;
			projectDirPath = "";
			projectRoot = "";
			targets = (
				E951E73E2BCD7A2600E55A35 /* nfsee */,
				E951E7532BCD7A2800E55A35 /* nfseeTests */,
				E951E75D2BCD7A2800E55A35 /* nfseeUITests */,
			);
		};
/* End PBXProject section */

/* Begin PBXResourcesBuildPhase section */
		E951E73D2BCD7A2600E55A35 /* Resources */ = {
			isa = PBXResourcesBuildPhase;
			buildActionMask = 2147483647;
			files = (
				E951E74A2BCD7A2800E55A35 /* Preview Assets.xcassets in Resources */,
				E99FBE292C44135C00126E71 /* main.py in Resources */,
				E951E7472BCD7A2800E55A35 /* Assets.xcassets in Resources */,
			);
			runOnlyForDeploymentPostprocessing = 0;
		};
		E951E7522BCD7A2800E55A35 /* Resources */ = {
			isa = PBXResourcesBuildPhase;
			buildActionMask = 2147483647;
			files = (
			);
			runOnlyForDeploymentPostprocessing = 0;
		};
		E951E75C2BCD7A2800E55A35 /* Resources */ = {
			isa = PBXResourcesBuildPhase;
			buildActionMask = 2147483647;
			files = (
			);
			runOnlyForDeploymentPostprocessing = 0;
		};
/* End PBXResourcesBuildPhase section */

/* Begin PBXSourcesBuildPhase section */
		E951E73B2BCD7A2600E55A35 /* Sources */ = {
			isa = PBXSourcesBuildPhase;
			buildActionMask = 2147483647;
			files = (
				E99FBE2C2C4415F200126E71 /* NFCViewModel.swift in Sources */,
				E99FBE1D2C4402C500126E71 /* SettingsView.swift in Sources */,
				E951E7802BCD8BA000E55A35 /* EncryptionService.swift in Sources */,
				E951E74C2BCD7A2800E55A35 /* Persistence.swift in Sources */,
				E951E7452BCD7A2600E55A35 /* ContentView.swift in Sources */,
				E951E7432BCD7A2600E55A35 /* nfseeApp.swift in Sources */,
				E951E7762BCD8AD500E55A35 /* PasswordItem.swift in Sources */,
				E9A221E72C134B3E000F5004 /* APIResponse.swift in Sources */,
				E951E77E2BCD8B8F00E55A35 /* NFCServices.swift in Sources */,
				E99FBE192C43FD7A00126E71 /* RegisterView.swift in Sources */,
				E951E74F2BCD7A2800E55A35 /* nfsee.xcdatamodeld in Sources */,
				E951E77C2BCD8B7600E55A35 /* AddPasswordViewModel.swift in Sources */,
				E99FBE152C43F51300126E71 /* LoginView.swift in Sources */,
				E951E7822BCD8BB400E55A35 /* CoreDataService.swift in Sources */,
				E951E7782BCD8B3500E55A35 /* AddPasswordView.swift in Sources */,
				E92906002C4DB7BB003FC88F /* AppColors.swift in Sources */,
				E91B0B972C1B1424009FB9B3 /* PasswordListView.swift in Sources */,
				E9A221E92C134B59000F5004 /* NetworkService.swift in Sources */,
				E951E77A2BCD8B6300E55A35 /* PasswordListViewModel.swift in Sources */,
				E99FBE1B2C44028F00126E71 /* Config.swift in Sources */,
				E9998D292C38A5DB002E8D20 /* PasswordListDelegate.swift in Sources */,
				E99FBE172C43F58F00126E71 /* LoadingView.swift in Sources */,
			);
			runOnlyForDeploymentPostprocessing = 0;
		};
		E951E7502BCD7A2800E55A35 /* Sources */ = {
			isa = PBXSourcesBuildPhase;
			buildActionMask = 2147483647;
			files = (
				E951E7592BCD7A2800E55A35 /* nfseeTests.swift in Sources */,
			);
			runOnlyForDeploymentPostprocessing = 0;
		};
		E951E75A2BCD7A2800E55A35 /* Sources */ = {
			isa = PBXSourcesBuildPhase;
			buildActionMask = 2147483647;
			files = (
				E951E7652BCD7A2800E55A35 /* nfseeUITestsLaunchTests.swift in Sources */,
				E951E7632BCD7A2800E55A35 /* nfseeUITests.swift in Sources */,
			);
			runOnlyForDeploymentPostprocessing = 0;
		};
/* End PBXSourcesBuildPhase section */

/* Begin PBXTargetDependency section */
		E951E7562BCD7A2800E55A35 /* PBXTargetDependency */ = {
			isa = PBXTargetDependency;
			target = E951E73E2BCD7A2600E55A35 /* nfsee */;
			targetProxy = E951E7552BCD7A2800E55A35 /* PBXContainerItemProxy */;
		};
		E951E7602BCD7A2800E55A35 /* PBXTargetDependency */ = {
			isa = PBXTargetDependency;
			target = E951E73E2BCD7A2600E55A35 /* nfsee */;
			targetProxy = E951E75F2BCD7A2800E55A35 /* PBXContainerItemProxy */;
		};
/* End PBXTargetDependency section */

/* Begin XCBuildConfiguration section */
		E951E7662BCD7A2800E55A35 /* Debug */ = {
			isa = XCBuildConfiguration;
			buildSettings = {
				ALWAYS_SEARCH_USER_PATHS = NO;
				ASSETCATALOG_COMPILER_GENERATE_SWIFT_ASSET_SYMBOL_EXTENSIONS = YES;
				CLANG_ANALYZER_NONNULL = YES;
				CLANG_ANALYZER_NUMBER_OBJECT_CONVERSION = YES_AGGRESSIVE;
				CLANG_CXX_LANGUAGE_STANDARD = "gnu++20";
				CLANG_ENABLE_MODULES = YES;
				CLANG_ENABLE_OBJC_ARC = YES;
				CLANG_ENABLE_OBJC_WEAK = YES;
				CLANG_WARN_BLOCK_CAPTURE_AUTORELEASING = YES;
				CLANG_WARN_BOOL_CONVERSION = YES;
				CLANG_WARN_COMMA = YES;
				CLANG_WARN_CONSTANT_CONVERSION = YES;
				CLANG_WARN_DEPRECATED_OBJC_IMPLEMENTATIONS = YES;
				CLANG_WARN_DIRECT_OBJC_ISA_USAGE = YES_ERROR;
				CLANG_WARN_DOCUMENTATION_COMMENTS = YES;
				CLANG_WARN_EMPTY_BODY = YES;
				CLANG_WARN_ENUM_CONVERSION = YES;
				CLANG_WARN_INFINITE_RECURSION = YES;
				CLANG_WARN_INT_CONVERSION = YES;
				CLANG_WARN_NON_LITERAL_NULL_CONVERSION = YES;
				CLANG_WARN_OBJC_IMPLICIT_RETAIN_SELF = YES;
				CLANG_WARN_OBJC_LITERAL_CONVERSION = YES;
				CLANG_WARN_OBJC_ROOT_CLASS = YES_ERROR;
				CLANG_WARN_QUOTED_INCLUDE_IN_FRAMEWORK_HEADER = YES;
				CLANG_WARN_RANGE_LOOP_ANALYSIS = YES;
				CLANG_WARN_STRICT_PROTOTYPES = YES;
				CLANG_WARN_SUSPICIOUS_MOVE = YES;
				CLANG_WARN_UNGUARDED_AVAILABILITY = YES_AGGRESSIVE;
				CLANG_WARN_UNREACHABLE_CODE = YES;
				CLANG_WARN__DUPLICATE_METHOD_MATCH = YES;
				COPY_PHASE_STRIP = NO;
				DEBUG_INFORMATION_FORMAT = dwarf;
				ENABLE_STRICT_OBJC_MSGSEND = YES;
				ENABLE_TESTABILITY = YES;
				ENABLE_USER_SCRIPT_SANDBOXING = YES;
				GCC_C_LANGUAGE_STANDARD = gnu17;
				GCC_DYNAMIC_NO_PIC = NO;
				GCC_NO_COMMON_BLOCKS = YES;
				GCC_OPTIMIZATION_LEVEL = 0;
				GCC_PREPROCESSOR_DEFINITIONS = (
					"DEBUG=1",
					"$(inherited)",
				);
				GCC_WARN_64_TO_32_BIT_CONVERSION = YES;
				GCC_WARN_ABOUT_RETURN_TYPE = YES_ERROR;
				GCC_WARN_UNDECLARED_SELECTOR = YES;
				GCC_WARN_UNINITIALIZED_AUTOS = YES_AGGRESSIVE;
				GCC_WARN_UNUSED_FUNCTION = YES;
				GCC_WARN_UNUSED_VARIABLE = YES;
				IPHONEOS_DEPLOYMENT_TARGET = 17.4;
				LOCALIZATION_PREFERS_STRING_CATALOGS = YES;
				MTL_ENABLE_DEBUG_INFO = INCLUDE_SOURCE;
				MTL_FAST_MATH = YES;
				ONLY_ACTIVE_ARCH = YES;
				SDKROOT = iphoneos;
				SWIFT_ACTIVE_COMPILATION_CONDITIONS = "DEBUG $(inherited)";
				SWIFT_OPTIMIZATION_LEVEL = "-Onone";
			};
			name = Debug;
		};
		E951E7672BCD7A2800E55A35 /* Release */ = {
			isa = XCBuildConfiguration;
			buildSettings = {
				ALWAYS_SEARCH_USER_PATHS = NO;
				ASSETCATALOG_COMPILER_GENERATE_SWIFT_ASSET_SYMBOL_EXTENSIONS = YES;
				CLANG_ANALYZER_NONNULL = YES;
				CLANG_ANALYZER_NUMBER_OBJECT_CONVERSION = YES_AGGRESSIVE;
				CLANG_CXX_LANGUAGE_STANDARD = "gnu++20";
				CLANG_ENABLE_MODULES = YES;
				CLANG_ENABLE_OBJC_ARC = YES;
				CLANG_ENABLE_OBJC_WEAK = YES;
				CLANG_WARN_BLOCK_CAPTURE_AUTORELEASING = YES;
				CLANG_WARN_BOOL_CONVERSION = YES;
				CLANG_WARN_COMMA = YES;
				CLANG_WARN_CONSTANT_CONVERSION = YES;
				CLANG_WARN_DEPRECATED_OBJC_IMPLEMENTATIONS = YES;
				CLANG_WARN_DIRECT_OBJC_ISA_USAGE = YES_ERROR;
				CLANG_WARN_DOCUMENTATION_COMMENTS = YES;
				CLANG_WARN_EMPTY_BODY = YES;
				CLANG_WARN_ENUM_CONVERSION = YES;
				CLANG_WARN_INFINITE_RECURSION = YES;
				CLANG_WARN_INT_CONVERSION = YES;
				CLANG_WARN_NON_LITERAL_NULL_CONVERSION = YES;
				CLANG_WARN_OBJC_IMPLICIT_RETAIN_SELF = YES;
				CLANG_WARN_OBJC_LITERAL_CONVERSION = YES;
				CLANG_WARN_OBJC_ROOT_CLASS = YES_ERROR;
				CLANG_WARN_QUOTED_INCLUDE_IN_FRAMEWORK_HEADER = YES;
				CLANG_WARN_RANGE_LOOP_ANALYSIS = YES;
				CLANG_WARN_STRICT_PROTOTYPES = YES;
				CLANG_WARN_SUSPICIOUS_MOVE = YES;
				CLANG_WARN_UNGUARDED_AVAILABILITY = YES_AGGRESSIVE;
				CLANG_WARN_UNREACHABLE_CODE = YES;
				CLANG_WARN__DUPLICATE_METHOD_MATCH = YES;
				COPY_PHASE_STRIP = NO;
				DEBUG_INFORMATION_FORMAT = "dwarf-with-dsym";
				ENABLE_NS_ASSERTIONS = NO;
				ENABLE_STRICT_OBJC_MSGSEND = YES;
				ENABLE_USER_SCRIPT_SANDBOXING = YES;
				GCC_C_LANGUAGE_STANDARD = gnu17;
				GCC_NO_COMMON_BLOCKS = YES;
				GCC_WARN_64_TO_32_BIT_CONVERSION = YES;
				GCC_WARN_ABOUT_RETURN_TYPE = YES_ERROR;
				GCC_WARN_UNDECLARED_SELECTOR = YES;
				GCC_WARN_UNINITIALIZED_AUTOS = YES_AGGRESSIVE;
				GCC_WARN_UNUSED_FUNCTION = YES;
				GCC_WARN_UNUSED_VARIABLE = YES;
				IPHONEOS_DEPLOYMENT_TARGET = 17.4;
				LOCALIZATION_PREFERS_STRING_CATALOGS = YES;
				MTL_ENABLE_DEBUG_INFO = NO;
				MTL_FAST_MATH = YES;
				SDKROOT = iphoneos;
				SWIFT_COMPILATION_MODE = wholemodule;
				VALIDATE_PRODUCT = YES;
			};
			name = Release;
		};
		E951E7692BCD7A2800E55A35 /* Debug */ = {
			isa = XCBuildConfiguration;
			buildSettings = {
				ASSETCATALOG_COMPILER_APPICON_NAME = AppIcon;
				ASSETCATALOG_COMPILER_GLOBAL_ACCENT_COLOR_NAME = AccentColor;
				CODE_SIGN_ENTITLEMENTS = nfsee/nfseeDebug.entitlements;
				CODE_SIGN_IDENTITY = "Apple Development";
				CODE_SIGN_STYLE = Automatic;
				CURRENT_PROJECT_VERSION = 1;
				DEVELOPMENT_ASSET_PATHS = "\"nfsee/Preview Content\"";
				DEVELOPMENT_TEAM = 7LHLYT946T;
				ENABLE_PREVIEWS = YES;
				GENERATE_INFOPLIST_FILE = YES;
				INFOPLIST_FILE = nfsee/Info.plist;
				INFOPLIST_KEY_NFCReaderUsageDescription = "<key>NSNFCReaderUsageDescription</key>\n<string>We need access to NFC to read and write keys.</string>\n";
				INFOPLIST_KEY_UIApplicationSceneManifest_Generation = YES;
				INFOPLIST_KEY_UIApplicationSupportsIndirectInputEvents = YES;
				INFOPLIST_KEY_UILaunchScreen_Generation = YES;
				INFOPLIST_KEY_UISupportedInterfaceOrientations_iPad = "UIInterfaceOrientationPortrait UIInterfaceOrientationPortraitUpsideDown UIInterfaceOrientationLandscapeLeft UIInterfaceOrientationLandscapeRight";
				INFOPLIST_KEY_UISupportedInterfaceOrientations_iPhone = "UIInterfaceOrientationPortrait UIInterfaceOrientationLandscapeLeft UIInterfaceOrientationLandscapeRight";
				LD_RUNPATH_SEARCH_PATHS = (
					"$(inherited)",
					"@executable_path/Frameworks",
				);
				MARKETING_VERSION = 1.0;
				PRODUCT_BUNDLE_IDENTIFIER = "-.nfsee";
				PRODUCT_NAME = "$(TARGET_NAME)";
				PROVISIONING_PROFILE_SPECIFIER = "";
				SWIFT_EMIT_LOC_STRINGS = YES;
				SWIFT_VERSION = 5.0;
				TARGETED_DEVICE_FAMILY = "1,2";
			};
			name = Debug;
		};
		E951E76A2BCD7A2800E55A35 /* Release */ = {
			isa = XCBuildConfiguration;
			buildSettings = {
				ASSETCATALOG_COMPILER_APPICON_NAME = AppIcon;
				ASSETCATALOG_COMPILER_GLOBAL_ACCENT_COLOR_NAME = AccentColor;
				CODE_SIGN_ENTITLEMENTS = nfsee/nfseeDebug.entitlements;
				"CODE_SIGN_ENTITLEMENTS[sdk=*]" = "";
				CODE_SIGN_STYLE = Automatic;
				CURRENT_PROJECT_VERSION = 1;
				DEVELOPMENT_ASSET_PATHS = "\"nfsee/Preview Content\"";
				DEVELOPMENT_TEAM = 7LHLYT946T;
				ENABLE_PREVIEWS = YES;
				GENERATE_INFOPLIST_FILE = YES;
				INFOPLIST_FILE = nfsee/Info.plist;
				INFOPLIST_KEY_NFCReaderUsageDescription = "<key>NSNFCReaderUsageDescription</key>\n<string>We need access to NFC to read and write keys.</string>\n";
				INFOPLIST_KEY_UIApplicationSceneManifest_Generation = YES;
				INFOPLIST_KEY_UIApplicationSupportsIndirectInputEvents = YES;
				INFOPLIST_KEY_UILaunchScreen_Generation = YES;
				INFOPLIST_KEY_UISupportedInterfaceOrientations_iPad = "UIInterfaceOrientationPortrait UIInterfaceOrientationPortraitUpsideDown UIInterfaceOrientationLandscapeLeft UIInterfaceOrientationLandscapeRight";
				INFOPLIST_KEY_UISupportedInterfaceOrientations_iPhone = "UIInterfaceOrientationPortrait UIInterfaceOrientationLandscapeLeft UIInterfaceOrientationLandscapeRight";
				LD_RUNPATH_SEARCH_PATHS = (
					"$(inherited)",
					"@executable_path/Frameworks",
				);
				MARKETING_VERSION = 1.0;
				PRODUCT_BUNDLE_IDENTIFIER = "-.nfsee";
				PRODUCT_NAME = "$(TARGET_NAME)";
				SWIFT_EMIT_LOC_STRINGS = YES;
				SWIFT_VERSION = 5.0;
				TARGETED_DEVICE_FAMILY = "1,2";
			};
			name = Release;
		};
		E951E76C2BCD7A2800E55A35 /* Debug */ = {
			isa = XCBuildConfiguration;
			buildSettings = {
				ALWAYS_EMBED_SWIFT_STANDARD_LIBRARIES = YES;
				BUNDLE_LOADER = "$(TEST_HOST)";
				CODE_SIGN_STYLE = Automatic;
				CURRENT_PROJECT_VERSION = 1;
				DEVELOPMENT_TEAM = 7LHLYT946T;
				GENERATE_INFOPLIST_FILE = YES;
				IPHONEOS_DEPLOYMENT_TARGET = 17.4;
				MARKETING_VERSION = 1.0;
				PRODUCT_BUNDLE_IDENTIFIER = "-.nfseeTests";
				PRODUCT_NAME = "$(TARGET_NAME)";
				SWIFT_EMIT_LOC_STRINGS = NO;
				SWIFT_VERSION = 5.0;
				TARGETED_DEVICE_FAMILY = "1,2";
				TEST_HOST = "$(BUILT_PRODUCTS_DIR)/nfsee.app/$(BUNDLE_EXECUTABLE_FOLDER_PATH)/nfsee";
			};
			name = Debug;
		};
		E951E76D2BCD7A2800E55A35 /* Release */ = {
			isa = XCBuildConfiguration;
			buildSettings = {
				ALWAYS_EMBED_SWIFT_STANDARD_LIBRARIES = YES;
				BUNDLE_LOADER = "$(TEST_HOST)";
				CODE_SIGN_STYLE = Automatic;
				CURRENT_PROJECT_VERSION = 1;
				DEVELOPMENT_TEAM = 7LHLYT946T;
				GENERATE_INFOPLIST_FILE = YES;
				IPHONEOS_DEPLOYMENT_TARGET = 17.4;
				MARKETING_VERSION = 1.0;
				PRODUCT_BUNDLE_IDENTIFIER = "-.nfseeTests";
				PRODUCT_NAME = "$(TARGET_NAME)";
				SWIFT_EMIT_LOC_STRINGS = NO;
				SWIFT_VERSION = 5.0;
				TARGETED_DEVICE_FAMILY = "1,2";
				TEST_HOST = "$(BUILT_PRODUCTS_DIR)/nfsee.app/$(BUNDLE_EXECUTABLE_FOLDER_PATH)/nfsee";
			};
			name = Release;
		};
		E951E76F2BCD7A2800E55A35 /* Debug */ = {
			isa = XCBuildConfiguration;
			buildSettings = {
				ALWAYS_EMBED_SWIFT_STANDARD_LIBRARIES = YES;
				CODE_SIGN_STYLE = Automatic;
				CURRENT_PROJECT_VERSION = 1;
				DEVELOPMENT_TEAM = 7LHLYT946T;
				GENERATE_INFOPLIST_FILE = YES;
				MARKETING_VERSION = 1.0;
				PRODUCT_BUNDLE_IDENTIFIER = "-.nfseeUITests";
				PRODUCT_NAME = "$(TARGET_NAME)";
				SWIFT_EMIT_LOC_STRINGS = NO;
				SWIFT_VERSION = 5.0;
				TARGETED_DEVICE_FAMILY = "1,2";
				TEST_TARGET_NAME = nfsee;
			};
			name = Debug;
		};
		E951E7702BCD7A2800E55A35 /* Release */ = {
			isa = XCBuildConfiguration;
			buildSettings = {
				ALWAYS_EMBED_SWIFT_STANDARD_LIBRARIES = YES;
				CODE_SIGN_STYLE = Automatic;
				CURRENT_PROJECT_VERSION = 1;
				DEVELOPMENT_TEAM = 7LHLYT946T;
				GENERATE_INFOPLIST_FILE = YES;
				MARKETING_VERSION = 1.0;
				PRODUCT_BUNDLE_IDENTIFIER = "-.nfseeUITests";
				PRODUCT_NAME = "$(TARGET_NAME)";
				SWIFT_EMIT_LOC_STRINGS = NO;
				SWIFT_VERSION = 5.0;
				TARGETED_DEVICE_FAMILY = "1,2";
				TEST_TARGET_NAME = nfsee;
			};
			name = Release;
		};
/* End XCBuildConfiguration section */

/* Begin XCConfigurationList section */
		E951E73A2BCD7A2600E55A35 /* Build configuration list for PBXProject "nfsee" */ = {
			isa = XCConfigurationList;
			buildConfigurations = (
				E951E7662BCD7A2800E55A35 /* Debug */,
				E951E7672BCD7A2800E55A35 /* Release */,
			);
			defaultConfigurationIsVisible = 0;
			defaultConfigurationName = Release;
		};
		E951E7682BCD7A2800E55A35 /* Build configuration list for PBXNativeTarget "nfsee" */ = {
			isa = XCConfigurationList;
			buildConfigurations = (
				E951E7692BCD7A2800E55A35 /* Debug */,
				E951E76A2BCD7A2800E55A35 /* Release */,
			);
			defaultConfigurationIsVisible = 0;
			defaultConfigurationName = Release;
		};
		E951E76B2BCD7A2800E55A35 /* Build configuration list for PBXNativeTarget "nfseeTests" */ = {
			isa = XCConfigurationList;
			buildConfigurations = (
				E951E76C2BCD7A2800E55A35 /* Debug */,
				E951E76D2BCD7A2800E55A35 /* Release */,
			);
			defaultConfigurationIsVisible = 0;
			defaultConfigurationName = Release;
		};
		E951E76E2BCD7A2800E55A35 /* Build configuration list for PBXNativeTarget "nfseeUITests" */ = {
			isa = XCConfigurationList;
			buildConfigurations = (
				E951E76F2BCD7A2800E55A35 /* Debug */,
				E951E7702BCD7A2800E55A35 /* Release */,
			);
			defaultConfigurationIsVisible = 0;
			defaultConfigurationName = Release;
		};
/* End XCConfigurationList section */

/* Begin XCVersionGroup section */
		E951E74D2BCD7A2800E55A35 /* nfsee.xcdatamodeld */ = {
			isa = XCVersionGroup;
			children = (
				E951E74E2BCD7A2800E55A35 /* nfsee.xcdatamodel */,
			);
			currentVersion = E951E74E2BCD7A2800E55A35 /* nfsee.xcdatamodel */;
			path = nfsee.xcdatamodeld;
			sourceTree = "<group>";
			versionGroupType = wrapper.xcdatamodel;
		};
/* End XCVersionGroup section */
	};
	rootObject = E951E7372BCD7A2600E55A35 /* Project object */;
}
